
Microsoft Visual Studio Solution File, Format Version 12.00
# Visual Studio Version 16
VisualStudioVersion = 16.0.31613.86
MinimumVisualStudioVersion = 10.0.40219.1
Project("{FAE04EC0-301F-11D3-BF4B-00C04F79EFBC}") = "Minesweeper", "Minesweeper\Minesweeper.csproj", "{E0D36E00-0A7B-4428-8685-FE750A410B0A}"
EndProject
Project("{2150E333-8FDC-42A3-9474-1A3956D46DE8}") = "Solution Items", "Solution Items", "{4213D804-5BFE-4F0A-9CC5-85B76A78F0F2}"
	ProjectSection(SolutionItems) = preProject
		README.md = README.md
	EndProjectSection
EndProject
Global
	GlobalSection(SolutionConfigurationPlatforms) = preSolution
		Debug|Any CPU = Debug|Any CPU
		Release|Any CPU = Release|Any CPU
	EndGlobalSection
	GlobalSection(ProjectConfigurationPlatforms) = postSolution
		{E0D36E00-0A7B-4428-8685-FE750A410B0A}.Debug|Any CPU.ActiveCfg = Debug|Any CPU
		{E0D36E00-0A7B-4428-8685-FE750A410B0A}.Debug|Any CPU.Build.0 = Debug|Any CPU
		{E0D36E00-0A7B-4428-8685-FE750A410B0A}.Release|Any CPU.ActiveCfg = Release|Any CPU
		{E0D36E00-0A7B-4428-8685-FE750A410B0A}.Release|Any CPU.Build.0 = Release|Any CPU
	EndGlobalSection
	GlobalSection(SolutionProperties) = preSolution
		HideSolutionNode = FALSE
	EndGlobalSection
	GlobalSection(ExtensibilityGlobals) = postSolution
		SolutionGuid = {642126F4-260A-4D92-8F55-F8755CD39262}
	EndGlobalSection
EndGlobal
